// !$*UTF8*$!
{
	archiveVersion = 1;
	classes = {
	};
	objectVersion = 50;
	objects = {

/* Begin PBXBuildFile section */
		19AD484025CB96D700B8D263 /* AppDelegate.swift in Sources */ = {isa = PBXBuildFile; fileRef = 19AD483F25CB96D700B8D263 /* AppDelegate.swift */; };
		19AD484225CB96D700B8D263 /* SceneDelegate.swift in Sources */ = {isa = PBXBuildFile; fileRef = 19AD484125CB96D700B8D263 /* SceneDelegate.swift */; };
		19AD484425CB96D700B8D263 /* ViewController.swift in Sources */ = {isa = PBXBuildFile; fileRef = 19AD484325CB96D700B8D263 /* ViewController.swift */; };
		19AD484725CB96D700B8D263 /* Main.storyboard in Resources */ = {isa = PBXBuildFile; fileRef = 19AD484525CB96D700B8D263 /* Main.storyboard */; };
		19AD484925CB96D900B8D263 /* Assets.xcassets in Resources */ = {isa = PBXBuildFile; fileRef = 19AD484825CB96D900B8D263 /* Assets.xcassets */; };
		19AD484C25CB96D900B8D263 /* LaunchScreen.storyboard in Resources */ = {isa = PBXBuildFile; fileRef = 19AD484A25CB96D900B8D263 /* LaunchScreen.storyboard */; };
		19AD485725CB96D900B8D263 /* TestClockTests.swift in Sources */ = {isa = PBXBuildFile; fileRef = 19AD485625CB96D900B8D263 /* TestClockTests.swift */; };
		19AD486225CB96D900B8D263 /* TestClockUITests.swift in Sources */ = {isa = PBXBuildFile; fileRef = 19AD486125CB96D900B8D263 /* TestClockUITests.swift */; };
/* End PBXBuildFile section */

/* Begin PBXContainerItemProxy section */
		19AD485325CB96D900B8D263 /* PBXContainerItemProxy */ = {
			isa = PBXContainerItemProxy;
			containerPortal = 19AD483425CB96D700B8D263 /* Project object */;
			proxyType = 1;
			remoteGlobalIDString = 19AD483B25CB96D700B8D263;
			remoteInfo = TestClock;
		};
		19AD485E25CB96D900B8D263 /* PBXContainerItemProxy */ = {
			isa = PBXContainerItemProxy;
			containerPortal = 19AD483425CB96D700B8D263 /* Project object */;
			proxyType = 1;
			remoteGlobalIDString = 19AD483B25CB96D700B8D263;
			remoteInfo = TestClock;
		};
/* End PBXContainerItemProxy section */

/* Begin PBXFileReference section */
		19AD483C25CB96D700B8D263 /* TestClock.app */ = {isa = PBXFileReference; explicitFileType = wrapper.application; includeInIndex = 0; path = TestClock.app; sourceTree = BUILT_PRODUCTS_DIR; };
		19AD483F25CB96D700B8D263 /* AppDelegate.swift */ = {isa = PBXFileReference; lastKnownFileType = sourcecode.swift; path = AppDelegate.swift; sourceTree = "<group>"; };
		19AD484125CB96D700B8D263 /* SceneDelegate.swift */ = {isa = PBXFileReference; lastKnownFileType = sourcecode.swift; path = SceneDelegate.swift; sourceTree = "<group>"; };
		19AD484325CB96D700B8D263 /* ViewController.swift */ = {isa = PBXFileReference; lastKnownFileType = sourcecode.swift; path = ViewController.swift; sourceTree = "<group>"; };
		19AD484625CB96D700B8D263 /* Base */ = {isa = PBXFileReference; lastKnownFileType = file.storyboard; name = Base; path = Base.lproj/Main.storyboard; sourceTree = "<group>"; };
		19AD484825CB96D900B8D263 /* Assets.xcassets */ = {isa = PBXFileReference; lastKnownFileType = folder.assetcatalog; path = Assets.xcassets; sourceTree = "<group>"; };
		19AD484B25CB96D900B8D263 /* Base */ = {isa = PBXFileReference; lastKnownFileType = file.storyboard; name = Base; path = Base.lproj/LaunchScreen.storyboard; sourceTree = "<group>"; };
		19AD484D25CB96D900B8D263 /* Info.plist */ = {isa = PBXFileReference; lastKnownFileType = text.plist.xml; path = Info.plist; sourceTree = "<group>"; };
		19AD485225CB96D900B8D263 /* TestClockTests.xctest */ = {isa = PBXFileReference; explicitFileType = wrapper.cfbundle; includeInIndex = 0; path = TestClockTests.xctest; sourceTree = BUILT_PRODUCTS_DIR; };
		19AD485625CB96D900B8D263 /* TestClockTests.swift */ = {isa = PBXFileReference; lastKnownFileType = sourcecode.swift; path = TestClockTests.swift; sourceTree = "<group>"; };
		19AD485825CB96D900B8D263 /* Info.plist */ = {isa = PBXFileReference; lastKnownFileType = text.plist.xml; path = Info.plist; sourceTree = "<group>"; };
		19AD485D25CB96D900B8D263 /* TestClockUITests.xctest */ = {isa = PBXFileReference; explicitFileType = wrapper.cfbundle; includeInIndex = 0; path = TestClockUITests.xctest; sourceTree = BUILT_PRODUCTS_DIR; };
		19AD486125CB96D900B8D263 /* TestClockUITests.swift */ = {isa = PBXFileReference; lastKnownFileType = sourcecode.swift; path = TestClockUITests.swift; sourceTree = "<group>"; };
		19AD486325CB96D900B8D263 /* Info.plist */ = {isa = PBXFileReference; lastKnownFileType = text.plist.xml; path = Info.plist; sourceTree = "<group>"; };
/* End PBXFileReference section */

/* Begin PBXFrameworksBuildPhase section */
		19AD483925CB96D700B8D263 /* Frameworks */ = {
			isa = PBXFrameworksBuildPhase;
			buildActionMask = 2147483647;
			files = (
			);
			runOnlyForDeploymentPostprocessing = 0;
		};
		19AD484F25CB96D900B8D263 /* Frameworks */ = {
			isa = PBXFrameworksBuildPhase;
			buildActionMask = 2147483647;
			files = (
			);
			runOnlyForDeploymentPostprocessing = 0;
		};
		19AD485A25CB96D900B8D263 /* Frameworks */ = {
			isa = PBXFrameworksBuildPhase;
			buildActionMask = 2147483647;
			files = (
			);
			runOnlyForDeploymentPostprocessing = 0;
		};
/* End PBXFrameworksBuildPhase section */

/* Begin PBXGroup section */
		19AD483325CB96D700B8D263 = {
			isa = PBXGroup;
			children = (
				19AD483E25CB96D700B8D263 /* TestClock */,
				19AD485525CB96D900B8D263 /* TestClockTests */,
				19AD486025CB96D900B8D263 /* TestClockUITests */,
				19AD483D25CB96D700B8D263 /* Products */,
			);
			sourceTree = "<group>";
		};
		19AD483D25CB96D700B8D263 /* Products */ = {
			isa = PBXGroup;
			children = (
				19AD483C25CB96D700B8D263 /* TestClock.app */,
				19AD485225CB96D900B8D263 /* TestClockTests.xctest */,
				19AD485D25CB96D900B8D263 /* TestClockUITests.xctest */,
			);
			name = Products;
			sourceTree = "<group>";
		};
		19AD483E25CB96D700B8D263 /* TestClock */ = {
			isa = PBXGroup;
			children = (
				19AD483F25CB96D700B8D263 /* AppDelegate.swift */,
				19AD484125CB96D700B8D263 /* SceneDelegate.swift */,
				19AD484325CB96D700B8D263 /* ViewController.swift */,
				19AD484525CB96D700B8D263 /* Main.storyboard */,
				19AD484825CB96D900B8D263 /* Assets.xcassets */,
				19AD484A25CB96D900B8D263 /* LaunchScreen.storyboard */,
				19AD484D25CB96D900B8D263 /* Info.plist */,
			);
			path = TestClock;
			sourceTree = "<group>";
		};
		19AD485525CB96D900B8D263 /* TestClockTests */ = {
			isa = PBXGroup;
			children = (
				19AD485625CB96D900B8D263 /* TestClockTests.swift */,
				19AD485825CB96D900B8D263 /* Info.plist */,
			);
			path = TestClockTests;
			sourceTree = "<group>";
		};
		19AD486025CB96D900B8D263 /* TestClockUITests */ = {
			isa = PBXGroup;
			children = (
				19AD486125CB96D900B8D263 /* TestClockUITests.swift */,
				19AD486325CB96D900B8D263 /* Info.plist */,
			);
			path = TestClockUITests;
			sourceTree = "<group>";
		};
/* End PBXGroup section */

/* Begin PBXNativeTarget section */
		19AD483B25CB96D700B8D263 /* TestClock */ = {
			isa = PBXNativeTarget;
			buildConfigurationList = 19AD486625CB96D900B8D263 /* Build configuration list for PBXNativeTarget "TestClock" */;
			buildPhases = (
				19AD483825CB96D700B8D263 /* Sources */,
				19AD483925CB96D700B8D263 /* Frameworks */,
				19AD483A25CB96D700B8D263 /* Resources */,
			);
			buildRules = (
			);
			dependencies = (
			);
			name = TestClock;
			productName = TestClock;
			productReference = 19AD483C25CB96D700B8D263 /* TestClock.app */;
			productType = "com.apple.product-type.application";
		};
		19AD485125CB96D900B8D263 /* TestClockTests */ = {
			isa = PBXNativeTarget;
			buildConfigurationList = 19AD486925CB96D900B8D263 /* Build configuration list for PBXNativeTarget "TestClockTests" */;
			buildPhases = (
				19AD484E25CB96D900B8D263 /* Sources */,
				19AD484F25CB96D900B8D263 /* Frameworks */,
				19AD485025CB96D900B8D263 /* Resources */,
			);
			buildRules = (
			);
			dependencies = (
				19AD485425CB96D900B8D263 /* PBXTargetDependency */,
			);
			name = TestClockTests;
			productName = TestClockTests;
			productReference = 19AD485225CB96D900B8D263 /* TestClockTests.xctest */;
			productType = "com.apple.product-type.bundle.unit-test";
		};
		19AD485C25CB96D900B8D263 /* TestClockUITests */ = {
			isa = PBXNativeTarget;
			buildConfigurationList = 19AD486C25CB96D900B8D263 /* Build configuration list for PBXNativeTarget "TestClockUITests" */;
			buildPhases = (
				19AD485925CB96D900B8D263 /* Sources */,
				19AD485A25CB96D900B8D263 /* Frameworks */,
				19AD485B25CB96D900B8D263 /* Resources */,
			);
			buildRules = (
			);
			dependencies = (
				19AD485F25CB96D900B8D263 /* PBXTargetDependency */,
			);
			name = TestClockUITests;
			productName = TestClockUITests;
			productReference = 19AD485D25CB96D900B8D263 /* TestClockUITests.xctest */;
			productType = "com.apple.product-type.bundle.ui-testing";
		};
/* End PBXNativeTarget section */

/* Begin PBXProject section */
		19AD483425CB96D700B8D263 /* Project object */ = {
			isa = PBXProject;
			attributes = {
				LastSwiftUpdateCheck = 1240;
				LastUpgradeCheck = 1240;
				TargetAttributes = {
					19AD483B25CB96D700B8D263 = {
						CreatedOnToolsVersion = 12.4;
					};
					19AD485125CB96D900B8D263 = {
						CreatedOnToolsVersion = 12.4;
						TestTargetID = 19AD483B25CB96D700B8D263;
					};
					19AD485C25CB96D900B8D263 = {
						CreatedOnToolsVersion = 12.4;
						TestTargetID = 19AD483B25CB96D700B8D263;
					};
				};
			};
			buildConfigurationList = 19AD483725CB96D700B8D263 /* Build configuration list for PBXProject "TestClock" */;
			compatibilityVersion = "Xcode 9.3";
			developmentRegion = en;
			hasScannedForEncodings = 0;
			knownRegions = (
				en,
				Base,
			);
			mainGroup = 19AD483325CB96D700B8D263;
			productRefGroup = 19AD483D25CB96D700B8D263 /* Products */;
			projectDirPath = "";
			projectRoot = "";
			targets = (
				19AD483B25CB96D700B8D263 /* TestClock */,
				19AD485125CB96D900B8D263 /* TestClockTests */,
				19AD485C25CB96D900B8D263 /* TestClockUITests */,
			);
		};
/* End PBXProject section */

/* Begin PBXResourcesBuildPhase section */
		19AD483A25CB96D700B8D263 /* Resources */ = {
			isa = PBXResourcesBuildPhase;
			buildActionMask = 2147483647;
			files = (
				19AD484C25CB96D900B8D263 /* LaunchScreen.storyboard in Resources */,
				19AD484925CB96D900B8D263 /* Assets.xcassets in Resources */,
				19AD484725CB96D700B8D263 /* Main.storyboard in Resources */,
			);
			runOnlyForDeploymentPostprocessing = 0;
		};
		19AD485025CB96D900B8D263 /* Resources */ = {
			isa = PBXResourcesBuildPhase;
			buildActionMask = 2147483647;
			files = (
			);
			runOnlyForDeploymentPostprocessing = 0;
		};
		19AD485B25CB96D900B8D263 /* Resources */ = {
			isa = PBXResourcesBuildPhase;
			buildActionMask = 2147483647;
			files = (
			);
			runOnlyForDeploymentPostprocessing = 0;
		};
/* End PBXResourcesBuildPhase section */

/* Begin PBXSourcesBuildPhase section */
		19AD483825CB96D700B8D263 /* Sources */ = {
			isa = PBXSourcesBuildPhase;
			buildActionMask = 2147483647;
			files = (
				19AD484425CB96D700B8D263 /* ViewController.swift in Sources */,
				19AD484025CB96D700B8D263 /* AppDelegate.swift in Sources */,
				19AD484225CB96D700B8D263 /* SceneDelegate.swift in Sources */,
			);
			runOnlyForDeploymentPostprocessing = 0;
		};
		19AD484E25CB96D900B8D263 /* Sources */ = {
			isa = PBXSourcesBuildPhase;
			buildActionMask = 2147483647;
			files = (
				19AD485725CB96D900B8D263 /* TestClockTests.swift in Sources */,
			);
			runOnlyForDeploymentPostprocessing = 0;
		};
		19AD485925CB96D900B8D263 /* Sources */ = {
			isa = PBXSourcesBuildPhase;
			buildActionMask = 2147483647;
			files = (
				19AD486225CB96D900B8D263 /* TestClockUITests.swift in Sources */,
			);
			runOnlyForDeploymentPostprocessing = 0;
		};
/* End PBXSourcesBuildPhase section */

/* Begin PBXTargetDependency section */
		19AD485425CB96D900B8D263 /* PBXTargetDependency */ = {
			isa = PBXTargetDependency;
			target = 19AD483B25CB96D700B8D263 /* TestClock */;
			targetProxy = 19AD485325CB96D900B8D263 /* PBXContainerItemProxy */;
		};
		19AD485F25CB96D900B8D263 /* PBXTargetDependency */ = {
			isa = PBXTargetDependency;
			target = 19AD483B25CB96D700B8D263 /* TestClock */;
			targetProxy = 19AD485E25CB96D900B8D263 /* PBXContainerItemProxy */;
		};
/* End PBXTargetDependency section */

/* Begin PBXVariantGroup section */
		19AD484525CB96D700B8D263 /* Main.storyboard */ = {
			isa = PBXVariantGroup;
			children = (
				19AD484625CB96D700B8D263 /* Base */,
			);
			name = Main.storyboard;
			sourceTree = "<group>";
		};
		19AD484A25CB96D900B8D263 /* LaunchScreen.storyboard */ = {
			isa = PBXVariantGroup;
			children = (
				19AD484B25CB96D900B8D263 /* Base */,
			);
			name = LaunchScreen.storyboard;
			sourceTree = "<group>";
		};
/* End PBXVariantGroup section */

/* Begin XCBuildConfiguration section */
		19AD486425CB96D900B8D263 /* Debug */ = {
			isa = XCBuildConfiguration;
			buildSettings = {
				ALWAYS_SEARCH_USER_PATHS = NO;
				CLANG_ANALYZER_NONNULL = YES;
				CLANG_ANALYZER_NUMBER_OBJECT_CONVERSION = YES_AGGRESSIVE;
				CLANG_CXX_LANGUAGE_STANDARD = "gnu++14";
				CLANG_CXX_LIBRARY = "libc++";
				CLANG_ENABLE_MODULES = YES;
				CLANG_ENABLE_OBJC_ARC = YES;
				CLANG_ENABLE_OBJC_WEAK = YES;
				CLANG_WARN_BLOCK_CAPTURE_AUTORELEASING = YES;
				CLANG_WARN_BOOL_CONVERSION = YES;
				CLANG_WARN_COMMA = YES;
				CLANG_WARN_CONSTANT_CONVERSION = YES;
				CLANG_WARN_DEPRECATED_OBJC_IMPLEMENTATIONS = YES;
				CLANG_WARN_DIRECT_OBJC_ISA_USAGE = YES_ERROR;
				CLANG_WARN_DOCUMENTATION_COMMENTS = YES;
				CLANG_WARN_EMPTY_BODY = YES;
				CLANG_WARN_ENUM_CONVERSION = YES;
				CLANG_WARN_INFINITE_RECURSION = YES;
				CLANG_WARN_INT_CONVERSION = YES;
				CLANG_WARN_NON_LITERAL_NULL_CONVERSION = YES;
				CLANG_WARN_OBJC_IMPLICIT_RETAIN_SELF = YES;
				CLANG_WARN_OBJC_LITERAL_CONVERSION = YES;
				CLANG_WARN_OBJC_ROOT_CLASS = YES_ERROR;
				CLANG_WARN_QUOTED_INCLUDE_IN_FRAMEWORK_HEADER = YES;
				CLANG_WARN_RANGE_LOOP_ANALYSIS = YES;
				CLANG_WARN_STRICT_PROTOTYPES = YES;
				CLANG_WARN_SUSPICIOUS_MOVE = YES;
				CLANG_WARN_UNGUARDED_AVAILABILITY = YES_AGGRESSIVE;
				CLANG_WARN_UNREACHABLE_CODE = YES;
				CLANG_WARN__DUPLICATE_METHOD_MATCH = YES;
				COPY_PHASE_STRIP = NO;
				DEBUG_INFORMATION_FORMAT = dwarf;
				ENABLE_STRICT_OBJC_MSGSEND = YES;
				ENABLE_TESTABILITY = YES;
				GCC_C_LANGUAGE_STANDARD = gnu11;
				GCC_DYNAMIC_NO_PIC = NO;
				GCC_NO_COMMON_BLOCKS = YES;
				GCC_OPTIMIZATION_LEVEL = 0;
				GCC_PREPROCESSOR_DEFINITIONS = (
					"DEBUG=1",
					"$(inherited)",
				);
				GCC_WARN_64_TO_32_BIT_CONVERSION = YES;
				GCC_WARN_ABOUT_RETURN_TYPE = YES_ERROR;
				GCC_WARN_UNDECLARED_SELECTOR = YES;
				GCC_WARN_UNINITIALIZED_AUTOS = YES_AGGRESSIVE;
				GCC_WARN_UNUSED_FUNCTION = YES;
				GCC_WARN_UNUSED_VARIABLE = YES;
				IPHONEOS_DEPLOYMENT_TARGET = 14.4;
				MTL_ENABLE_DEBUG_INFO = INCLUDE_SOURCE;
				MTL_FAST_MATH = YES;
				ONLY_ACTIVE_ARCH = YES;
				SDKROOT = iphoneos;
				SWIFT_ACTIVE_COMPILATION_CONDITIONS = DEBUG;
				SWIFT_OPTIMIZATION_LEVEL = "-Onone";
			};
			name = Debug;
		};
		19AD486525CB96D900B8D263 /* Release */ = {
			isa = XCBuildConfiguration;
			buildSettings = {
				ALWAYS_SEARCH_USER_PATHS = NO;
				CLANG_ANALYZER_NONNULL = YES;
				CLANG_ANALYZER_NUMBER_OBJECT_CONVERSION = YES_AGGRESSIVE;
				CLANG_CXX_LANGUAGE_STANDARD = "gnu++14";
				CLANG_CXX_LIBRARY = "libc++";
				CLANG_ENABLE_MODULES = YES;
				CLANG_ENABLE_OBJC_ARC = YES;
				CLANG_ENABLE_OBJC_WEAK = YES;
				CLANG_WARN_BLOCK_CAPTURE_AUTORELEASING = YES;
				CLANG_WARN_BOOL_CONVERSION = YES;
				CLANG_WARN_COMMA = YES;
				CLANG_WARN_CONSTANT_CONVERSION = YES;
				CLANG_WARN_DEPRECATED_OBJC_IMPLEMENTATIONS = YES;
				CLANG_WARN_DIRECT_OBJC_ISA_USAGE = YES_ERROR;
				CLANG_WARN_DOCUMENTATION_COMMENTS = YES;
				CLANG_WARN_EMPTY_BODY = YES;
				CLANG_WARN_ENUM_CONVERSION = YES;
				CLANG_WARN_INFINITE_RECURSION = YES;
				CLANG_WARN_INT_CONVERSION = YES;
				CLANG_WARN_NON_LITERAL_NULL_CONVERSION = YES;
				CLANG_WARN_OBJC_IMPLICIT_RETAIN_SELF = YES;
				CLANG_WARN_OBJC_LITERAL_CONVERSION = YES;
				CLANG_WARN_OBJC_ROOT_CLASS = YES_ERROR;
				CLANG_WARN_QUOTED_INCLUDE_IN_FRAMEWORK_HEADER = YES;
				CLANG_WARN_RANGE_LOOP_ANALYSIS = YES;
				CLANG_WARN_STRICT_PROTOTYPES = YES;
				CLANG_WARN_SUSPICIOUS_MOVE = YES;
				CLANG_WARN_UNGUARDED_AVAILABILITY = YES_AGGRESSIVE;
				CLANG_WARN_UNREACHABLE_CODE = YES;
				CLANG_WARN__DUPLICATE_METHOD_MATCH = YES;
				COPY_PHASE_STRIP = NO;
				DEBUG_INFORMATION_FORMAT = "dwarf-with-dsym";
				ENABLE_NS_ASSERTIONS = NO;
				ENABLE_STRICT_OBJC_MSGSEND = YES;
				GCC_C_LANGUAGE_STANDARD = gnu11;
				GCC_NO_COMMON_BLOCKS = YES;
				GCC_WARN_64_TO_32_BIT_CONVERSION = YES;
				GCC_WARN_ABOUT_RETURN_TYPE = YES_ERROR;
				GCC_WARN_UNDECLARED_SELECTOR = YES;
				GCC_WARN_UNINITIALIZED_AUTOS = YES_AGGRESSIVE;
				GCC_WARN_UNUSED_FUNCTION = YES;
				GCC_WARN_UNUSED_VARIABLE = YES;
				IPHONEOS_DEPLOYMENT_TARGET = 14.4;
				MTL_ENABLE_DEBUG_INFO = NO;
				MTL_FAST_MATH = YES;
				SDKROOT = iphoneos;
				SWIFT_COMPILATION_MODE = wholemodule;
				SWIFT_OPTIMIZATION_LEVEL = "-O";
				VALIDATE_PRODUCT = YES;
			};
			name = Release;
		};
		19AD486725CB96D900B8D263 /* Debug */ = {
			isa = XCBuildConfiguration;
			buildSettings = {
				ASSETCATALOG_COMPILER_APPICON_NAME = AppIcon;
				ASSETCATALOG_COMPILER_GLOBAL_ACCENT_COLOR_NAME = AccentColor;
				CODE_SIGN_STYLE = Automatic;
				DEVELOPMENT_TEAM = Z7F2HM5PGN;
				INFOPLIST_FILE = TestClock/Info.plist;
				LD_RUNPATH_SEARCH_PATHS = (
					"$(inherited)",
					"@executable_path/Frameworks",
				);
				PRODUCT_BUNDLE_IDENTIFIER = "Big-Nerd-Ranch.TestClock";
				PRODUCT_NAME = "$(TARGET_NAME)";
				SWIFT_VERSION = 5.0;
				TARGETED_DEVICE_FAMILY = "1,2";
			};
			name = Debug;
		};
		19AD486825CB96D900B8D263 /* Release */ = {
			isa = XCBuildConfiguration;
			buildSettings = {
				ASSETCATALOG_COMPILER_APPICON_NAME = AppIcon;
				ASSETCATALOG_COMPILER_GLOBAL_ACCENT_COLOR_NAME = AccentColor;
				CODE_SIGN_STYLE = Automatic;
				DEVELOPMENT_TEAM = Z7F2HM5PGN;
				INFOPLIST_FILE = TestClock/Info.plist;
				LD_RUNPATH_SEARCH_PATHS = (
					"$(inherited)",
					"@executable_path/Frameworks",
				);
				PRODUCT_BUNDLE_IDENTIFIER = "Big-Nerd-Ranch.TestClock";
				PRODUCT_NAME = "$(TARGET_NAME)";
				SWIFT_VERSION = 5.0;
				TARGETED_DEVICE_FAMILY = "1,2";
			};
			name = Release;
		};
		19AD486A25CB96D900B8D263 /* Debug */ = {
			isa = XCBuildConfiguration;
			buildSettings = {
				ALWAYS_EMBED_SWIFT_STANDARD_LIBRARIES = YES;
				BUNDLE_LOADER = "$(TEST_HOST)";
				CODE_SIGN_STYLE = Automatic;
				DEVELOPMENT_TEAM = Z7F2HM5PGN;
				INFOPLIST_FILE = TestClockTests/Info.plist;
				IPHONEOS_DEPLOYMENT_TARGET = 14.4;
				LD_RUNPATH_SEARCH_PATHS = (
					"$(inherited)",
					"@executable_path/Frameworks",
					"@loader_path/Frameworks",
				);
				PRODUCT_BUNDLE_IDENTIFIER = "Big-Nerd-Ranch.TestClockTests";
				PRODUCT_NAME = "$(TARGET_NAME)";
				SWIFT_VERSION = 5.0;
				TARGETED_DEVICE_FAMILY = "1,2";
				TEST_HOST = "$(BUILT_PRODUCTS_DIR)/TestClock.app/TestClock";
			};
			name = Debug;
		};
		19AD486B25CB96D900B8D263 /* Release */ = {
			isa = XCBuildConfiguration;
			buildSettings = {
				ALWAYS_EMBED_SWIFT_STANDARD_LIBRARIES = YES;
				BUNDLE_LOADER = "$(TEST_HOST)";
				CODE_SIGN_STYLE = Automatic;
				DEVELOPMENT_TEAM = Z7F2HM5PGN;
				INFOPLIST_FILE = TestClockTests/Info.plist;
				IPHONEOS_DEPLOYMENT_TARGET = 14.4;
				LD_RUNPATH_SEARCH_PATHS = (
					"$(inherited)",
					"@executable_path/Frameworks",
					"@loader_path/Frameworks",
				);
				PRODUCT_BUNDLE_IDENTIFIER = "Big-Nerd-Ranch.TestClockTests";
				PRODUCT_NAME = "$(TARGET_NAME)";
				SWIFT_VERSION = 5.0;
				TARGETED_DEVICE_FAMILY = "1,2";
				TEST_HOST = "$(BUILT_PRODUCTS_DIR)/TestClock.app/TestClock";
			};
			name = Release;
		};
		19AD486D25CB96D900B8D263 /* Debug */ = {
			isa = XCBuildConfiguration;
			buildSettings = {
				ALWAYS_EMBED_SWIFT_STANDARD_LIBRARIES = YES;
				CODE_SIGN_STYLE = Automatic;
				DEVELOPMENT_TEAM = Z7F2HM5PGN;
				INFOPLIST_FILE = TestClockUITests/Info.plist;
				LD_RUNPATH_SEARCH_PATHS = (
					"$(inherited)",
					"@executable_path/Frameworks",
					"@loader_path/Frameworks",
				);
				PRODUCT_BUNDLE_IDENTIFIER = "Big-Nerd-Ranch.TestClockUITests";
				PRODUCT_NAME = "$(TARGET_NAME)";
				SWIFT_VERSION = 5.0;
				TARGETED_DEVICE_FAMILY = "1,2";
				TEST_TARGET_NAME = TestClock;
			};
			name = Debug;
		};
		19AD486E25CB96D900B8D263 /* Release */ = {
			isa = XCBuildConfiguration;
			buildSettings = {
				ALWAYS_EMBED_SWIFT_STANDARD_LIBRARIES = YES;
				CODE_SIGN_STYLE = Automatic;
				DEVELOPMENT_TEAM = Z7F2HM5PGN;
				INFOPLIST_FILE = TestClockUITests/Info.plist;
				LD_RUNPATH_SEARCH_PATHS = (
					"$(inherited)",
					"@executable_path/Frameworks",
					"@loader_path/Frameworks",
				);
				PRODUCT_BUNDLE_IDENTIFIER = "Big-Nerd-Ranch.TestClockUITests";
				PRODUCT_NAME = "$(TARGET_NAME)";
				SWIFT_VERSION = 5.0;
				TARGETED_DEVICE_FAMILY = "1,2";
				TEST_TARGET_NAME = TestClock;
			};
			name = Release;
		};
/* End XCBuildConfiguration section */

/* Begin XCConfigurationList section */
		19AD483725CB96D700B8D263 /* Build configuration list for PBXProject "TestClock" */ = {
			isa = XCConfigurationList;
			buildConfigurations = (
				19AD486425CB96D900B8D263 /* Debug */,
				19AD486525CB96D900B8D263 /* Release */,
			);
			defaultConfigurationIsVisible = 0;
			defaultConfigurationName = Release;
		};
		19AD486625CB96D900B8D263 /* Build configuration list for PBXNativeTarget "TestClock" */ = {
			isa = XCConfigurationList;
			buildConfigurations = (
				19AD486725CB96D900B8D263 /* Debug */,
				19AD486825CB96D900B8D263 /* Release */,
			);
			defaultConfigurationIsVisible = 0;
			defaultConfigurationName = Release;
		};
		19AD486925CB96D900B8D263 /* Build configuration list for PBXNativeTarget "TestClockTests" */ = {
			isa = XCConfigurationList;
			buildConfigurations = (
				19AD486A25CB96D900B8D263 /* Debug */,
				19AD486B25CB96D900B8D263 /* Release */,
			);
			defaultConfigurationIsVisible = 0;
			defaultConfigurationName = Release;
		};
		19AD486C25CB96D900B8D263 /* Build configuration list for PBXNativeTarget "TestClockUITests" */ = {
			isa = XCConfigurationList;
			buildConfigurations = (
				19AD486D25CB96D900B8D263 /* Debug */,
				19AD486E25CB96D900B8D263 /* Release */,
			);
			defaultConfigurationIsVisible = 0;
			defaultConfigurationName = Release;
		};
/* End XCConfigurationList section */
	};
	rootObject = 19AD483425CB96D700B8D263 /* Project object */;
}
